
Microsoft Visual Studio Solution File, Format Version 12.00
# Visual Studio Version 17
VisualStudioVersion = 17.11.35303.130
MinimumVisualStudioVersion = 10.0.40219.1
Project("{FAE04EC0-301F-11D3-BF4B-00C04F79EFBC}") = "Solutia", "Solutia.csproj", "{7ED2B6C1-0253-41E8-B1C5-2A9AC1FCE66C}"
EndProject
Global
	GlobalSection(SolutionConfigurationPlatforms) = preSolution
		Debug|Any CPU = Debug|Any CPU
		Release|Any CPU = Release|Any CPU
	EndGlobalSection
	GlobalSection(ProjectConfigurationPlatforms) = postSolution
		{7ED2B6C1-0253-41E8-B1C5-2A9AC1FCE66C}.Debug|Any CPU.ActiveCfg = Debug|Any CPU
		{7ED2B6C1-0253-41E8-B1C5-2A9AC1FCE66C}.Debug|Any CPU.Build.0 = Debug|Any CPU
		{7ED2B6C1-0253-41E8-B1C5-2A9AC1FCE66C}.Release|Any CPU.ActiveCfg = Release|Any CPU
		{7ED2B6C1-0253-41E8-B1C5-2A9AC1FCE66C}.Release|Any CPU.Build.0 = Release|Any CPU
	EndGlobalSection
	GlobalSection(SolutionProperties) = preSolution
		HideSolutionNode = FALSE
	EndGlobalSection
	GlobalSection(ExtensibilityGlobals) = postSolution
		SolutionGuid = {CB50B56C-314C-48C3-BF45-8FF408AC3C03}
	EndGlobalSection
EndGlobal
